
Microsoft Visual Studio Solution File, Format Version 12.00
# Visual Studio Version 17
VisualStudioVersion = 17.5.33530.505
MinimumVisualStudioVersion = 10.0.40219.1
Project("{FAE04EC0-301F-11D3-BF4B-00C04F79EFBC}") = "CustomMemoryCache", "CustomMemoryCache\CustomMemoryCache.csproj", "{E1C2E47A-7BB0-4A92-8A23-5AA71B7FB7B8}"
EndProject
Project("{FAE04EC0-301F-11D3-BF4B-00C04F79EFBC}") = "CustomMemoryCache.Test", "CustomMemoryCache.Test\CustomMemoryCache.Test.csproj", "{41855BA5-7D30-4E2F-B526-6B8F32CFA2EB}"
EndProject
Global
	GlobalSection(SolutionConfigurationPlatforms) = preSolution
		Debug|Any CPU = Debug|Any CPU
		Release|Any CPU = Release|Any CPU
	EndGlobalSection
	GlobalSection(ProjectConfigurationPlatforms) = postSolution
		{E1C2E47A-7BB0-4A92-8A23-5AA71B7FB7B8}.Debug|Any CPU.ActiveCfg = Debug|Any CPU
		{E1C2E47A-7BB0-4A92-8A23-5AA71B7FB7B8}.Debug|Any CPU.Build.0 = Debug|Any CPU
		{E1C2E47A-7BB0-4A92-8A23-5AA71B7FB7B8}.Release|Any CPU.ActiveCfg = Release|Any CPU
		{E1C2E47A-7BB0-4A92-8A23-5AA71B7FB7B8}.Release|Any CPU.Build.0 = Release|Any CPU
		{41855BA5-7D30-4E2F-B526-6B8F32CFA2EB}.Debug|Any CPU.ActiveCfg = Debug|Any CPU
		{41855BA5-7D30-4E2F-B526-6B8F32CFA2EB}.Debug|Any CPU.Build.0 = Debug|Any CPU
		{41855BA5-7D30-4E2F-B526-6B8F32CFA2EB}.Release|Any CPU.ActiveCfg = Release|Any CPU
		{41855BA5-7D30-4E2F-B526-6B8F32CFA2EB}.Release|Any CPU.Build.0 = Release|Any CPU
	EndGlobalSection
	GlobalSection(SolutionProperties) = preSolution
		HideSolutionNode = FALSE
	EndGlobalSection
	GlobalSection(ExtensibilityGlobals) = postSolution
		SolutionGuid = {5FFB0E88-9975-4F94-9240-146E2D9F960E}
	EndGlobalSection
EndGlobal
